
Microsoft Visual Studio Solution File, Format Version 12.00
# Visual Studio 15
Project("{FAE04EC0-301F-11D3-BF4B-00C04F79EFBC}") = "LogFile", "LogFile\LogFile.csproj", "{F7DB7F1F-C085-442C-B5D2-BD6A6E67DCBA}"
EndProject
Global
	GlobalSection(SolutionConfigurationPlatforms) = preSolution
		Debug|Any CPU = Debug|Any CPU
		Release|Any CPU = Release|Any CPU
	EndGlobalSection
	GlobalSection(ProjectConfigurationPlatforms) = postSolution
		{F7DB7F1F-C085-442C-B5D2-BD6A6E67DCBA}.Debug|Any CPU.ActiveCfg = Debug|Any CPU
		{F7DB7F1F-C085-442C-B5D2-BD6A6E67DCBA}.Debug|Any CPU.Build.0 = Debug|Any CPU
		{F7DB7F1F-C085-442C-B5D2-BD6A6E67DCBA}.Release|Any CPU.ActiveCfg = Release|Any CPU
		{F7DB7F1F-C085-442C-B5D2-BD6A6E67DCBA}.Release|Any CPU.Build.0 = Release|Any CPU
	EndGlobalSection
EndGlobal
