
Microsoft Visual Studio Solution File, Format Version 12.00
# Visual Studio 15
Project("{FAE04EC0-301F-11D3-BF4B-00C04F79EFBC}") = "WhileLoops", "WhileLoops\WhileLoops.csproj", "{7959ADD6-7333-45F7-B1E6-AE15503A7E9B}"
EndProject
Global
	GlobalSection(SolutionConfigurationPlatforms) = preSolution
		Debug|Any CPU = Debug|Any CPU
		Release|Any CPU = Release|Any CPU
	EndGlobalSection
	GlobalSection(ProjectConfigurationPlatforms) = postSolution
		{7959ADD6-7333-45F7-B1E6-AE15503A7E9B}.Debug|Any CPU.ActiveCfg = Debug|Any CPU
		{7959ADD6-7333-45F7-B1E6-AE15503A7E9B}.Debug|Any CPU.Build.0 = Debug|Any CPU
		{7959ADD6-7333-45F7-B1E6-AE15503A7E9B}.Release|Any CPU.ActiveCfg = Release|Any CPU
		{7959ADD6-7333-45F7-B1E6-AE15503A7E9B}.Release|Any CPU.Build.0 = Release|Any CPU
	EndGlobalSection
EndGlobal
