
Microsoft Visual Studio Solution File, Format Version 12.00
# Visual Studio 15
Project("{FAE04EC0-301F-11D3-BF4B-00C04F79EFBC}") = "MethodsTwo", "MethodsTwo\MethodsTwo.csproj", "{15EEF7E3-4745-4009-9AD6-179FEC3D0C7B}"
EndProject
Global
	GlobalSection(SolutionConfigurationPlatforms) = preSolution
		Debug|Any CPU = Debug|Any CPU
		Release|Any CPU = Release|Any CPU
	EndGlobalSection
	GlobalSection(ProjectConfigurationPlatforms) = postSolution
		{15EEF7E3-4745-4009-9AD6-179FEC3D0C7B}.Debug|Any CPU.ActiveCfg = Debug|Any CPU
		{15EEF7E3-4745-4009-9AD6-179FEC3D0C7B}.Debug|Any CPU.Build.0 = Debug|Any CPU
		{15EEF7E3-4745-4009-9AD6-179FEC3D0C7B}.Release|Any CPU.ActiveCfg = Release|Any CPU
		{15EEF7E3-4745-4009-9AD6-179FEC3D0C7B}.Release|Any CPU.Build.0 = Release|Any CPU
	EndGlobalSection
EndGlobal
