
Microsoft Visual Studio Solution File, Format Version 12.00
# Visual Studio 15
Project("{FAE04EC0-301F-11D3-BF4B-00C04F79EFBC}") = "SimpleMathDrill", "SimpleMathDrill\SimpleMathDrill.csproj", "{D9EB8A7E-1E51-4CF6-B6ED-685802F0795E}"
EndProject
Global
	GlobalSection(SolutionConfigurationPlatforms) = preSolution
		Debug|Any CPU = Debug|Any CPU
		Release|Any CPU = Release|Any CPU
	EndGlobalSection
	GlobalSection(ProjectConfigurationPlatforms) = postSolution
		{D9EB8A7E-1E51-4CF6-B6ED-685802F0795E}.Debug|Any CPU.ActiveCfg = Debug|Any CPU
		{D9EB8A7E-1E51-4CF6-B6ED-685802F0795E}.Debug|Any CPU.Build.0 = Debug|Any CPU
		{D9EB8A7E-1E51-4CF6-B6ED-685802F0795E}.Release|Any CPU.ActiveCfg = Release|Any CPU
		{D9EB8A7E-1E51-4CF6-B6ED-685802F0795E}.Release|Any CPU.Build.0 = Release|Any CPU
	EndGlobalSection
EndGlobal
