
Microsoft Visual Studio Solution File, Format Version 12.00
# Visual Studio 15
Project("{FAE04EC0-301F-11D3-BF4B-00C04F79EFBC}") = "AnonymousIncomeComparison", "AnonymousIncomeComparison\AnonymousIncomeComparison.csproj", "{F362EF19-AF38-4BC9-99E2-625963D77318}"
EndProject
Global
	GlobalSection(SolutionConfigurationPlatforms) = preSolution
		Debug|Any CPU = Debug|Any CPU
		Release|Any CPU = Release|Any CPU
	EndGlobalSection
	GlobalSection(ProjectConfigurationPlatforms) = postSolution
		{F362EF19-AF38-4BC9-99E2-625963D77318}.Debug|Any CPU.ActiveCfg = Debug|Any CPU
		{F362EF19-AF38-4BC9-99E2-625963D77318}.Debug|Any CPU.Build.0 = Debug|Any CPU
		{F362EF19-AF38-4BC9-99E2-625963D77318}.Release|Any CPU.ActiveCfg = Release|Any CPU
		{F362EF19-AF38-4BC9-99E2-625963D77318}.Release|Any CPU.Build.0 = Release|Any CPU
	EndGlobalSection
EndGlobal
